
Microsoft Visual Studio Solution File, Format Version 11.00
# Visual Studio 2010
# SharpDevelop 5.1
Project("{FAE04EC0-301F-11D3-BF4B-00C04F79EFBC}") = "Wave", "Wave\Wave.csproj", "{81F4C432-0137-4557-999E-64BCE4CE4E73}"
EndProject
Project("{FAE04EC0-301F-11D3-BF4B-00C04F79EFBC}") = "Speaker", "Speaker\Speaker.csproj", "{43BE7DE6-A240-49CE-A6C5-165B884D89C6}"
EndProject
Project("{FAE04EC0-301F-11D3-BF4B-00C04F79EFBC}") = "Vocalization", "Vocalization\Vocalization.csproj", "{3F9383B3-392E-4992-B617-4BAF0B69667F}"
EndProject
Project("{FAE04EC0-301F-11D3-BF4B-00C04F79EFBC}") = "Voxel", "Voxel\Voxel.csproj", "{6DE8A65C-A501-42A8-84A6-7A511694C816}"
EndProject
Project("{FAE04EC0-301F-11D3-BF4B-00C04F79EFBC}") = "Wave16", "Wave16\Wave16.csproj", "{B4BA9C34-91C3-4052-8F5F-7EEF225D437E}"
EndProject
Project("{FAE04EC0-301F-11D3-BF4B-00C04F79EFBC}") = "Resampling.Depth", "Resampling.Depth\Resampling.Depth.csproj", "{CE03B4F8-D179-4F7B-8E90-4101B583FD49}"
EndProject
Project("{FAE04EC0-301F-11D3-BF4B-00C04F79EFBC}") = "Riffs", "Riffs\Riffs.csproj", "{4ECCF421-CFD0-453D-918F-CA87609AD74A}"
EndProject
Project("{FAE04EC0-301F-11D3-BF4B-00C04F79EFBC}") = "Riffs16", "Riffs16\Riffs16.csproj", "{A0C8ADFA-35F7-4182-8D7E-269E83D40309}"
EndProject
Project("{FAE04EC0-301F-11D3-BF4B-00C04F79EFBC}") = "Composition16", "Composition16\Composition16.csproj", "{E37AEBA0-AFFB-4A6F-B1EE-32173E642A83}"
EndProject
Project("{FAE04EC0-301F-11D3-BF4B-00C04F79EFBC}") = "SheetProcessor", "SheetProcessor\SheetProcessor.csproj", "{9745E0CC-01FF-4E7A-A89F-1DE93FCAA032}"
EndProject
Global
	GlobalSection(SolutionConfigurationPlatforms) = preSolution
		Debug|Any CPU = Debug|Any CPU
		Release|Any CPU = Release|Any CPU
	EndGlobalSection
	GlobalSection(ProjectConfigurationPlatforms) = postSolution
		{81F4C432-0137-4557-999E-64BCE4CE4E73}.Debug|Any CPU.ActiveCfg = Debug|Any CPU
		{81F4C432-0137-4557-999E-64BCE4CE4E73}.Debug|Any CPU.Build.0 = Debug|Any CPU
		{81F4C432-0137-4557-999E-64BCE4CE4E73}.Release|Any CPU.ActiveCfg = Release|Any CPU
		{81F4C432-0137-4557-999E-64BCE4CE4E73}.Release|Any CPU.Build.0 = Release|Any CPU
		{43BE7DE6-A240-49CE-A6C5-165B884D89C6}.Debug|Any CPU.ActiveCfg = Debug|Any CPU
		{43BE7DE6-A240-49CE-A6C5-165B884D89C6}.Debug|Any CPU.Build.0 = Debug|Any CPU
		{43BE7DE6-A240-49CE-A6C5-165B884D89C6}.Release|Any CPU.ActiveCfg = Release|Any CPU
		{43BE7DE6-A240-49CE-A6C5-165B884D89C6}.Release|Any CPU.Build.0 = Release|Any CPU
		{3F9383B3-392E-4992-B617-4BAF0B69667F}.Debug|Any CPU.ActiveCfg = Debug|Any CPU
		{3F9383B3-392E-4992-B617-4BAF0B69667F}.Debug|Any CPU.Build.0 = Debug|Any CPU
		{3F9383B3-392E-4992-B617-4BAF0B69667F}.Release|Any CPU.ActiveCfg = Release|Any CPU
		{3F9383B3-392E-4992-B617-4BAF0B69667F}.Release|Any CPU.Build.0 = Release|Any CPU
		{6DE8A65C-A501-42A8-84A6-7A511694C816}.Debug|Any CPU.ActiveCfg = Debug|Any CPU
		{6DE8A65C-A501-42A8-84A6-7A511694C816}.Debug|Any CPU.Build.0 = Debug|Any CPU
		{6DE8A65C-A501-42A8-84A6-7A511694C816}.Release|Any CPU.ActiveCfg = Release|Any CPU
		{6DE8A65C-A501-42A8-84A6-7A511694C816}.Release|Any CPU.Build.0 = Release|Any CPU
		{B4BA9C34-91C3-4052-8F5F-7EEF225D437E}.Debug|Any CPU.ActiveCfg = Debug|Any CPU
		{B4BA9C34-91C3-4052-8F5F-7EEF225D437E}.Debug|Any CPU.Build.0 = Debug|Any CPU
		{B4BA9C34-91C3-4052-8F5F-7EEF225D437E}.Release|Any CPU.ActiveCfg = Release|Any CPU
		{B4BA9C34-91C3-4052-8F5F-7EEF225D437E}.Release|Any CPU.Build.0 = Release|Any CPU
		{CE03B4F8-D179-4F7B-8E90-4101B583FD49}.Debug|Any CPU.ActiveCfg = Debug|Any CPU
		{CE03B4F8-D179-4F7B-8E90-4101B583FD49}.Debug|Any CPU.Build.0 = Debug|Any CPU
		{CE03B4F8-D179-4F7B-8E90-4101B583FD49}.Release|Any CPU.ActiveCfg = Release|Any CPU
		{CE03B4F8-D179-4F7B-8E90-4101B583FD49}.Release|Any CPU.Build.0 = Release|Any CPU
		{4ECCF421-CFD0-453D-918F-CA87609AD74A}.Debug|Any CPU.ActiveCfg = Debug|Any CPU
		{4ECCF421-CFD0-453D-918F-CA87609AD74A}.Debug|Any CPU.Build.0 = Debug|Any CPU
		{4ECCF421-CFD0-453D-918F-CA87609AD74A}.Release|Any CPU.ActiveCfg = Release|Any CPU
		{4ECCF421-CFD0-453D-918F-CA87609AD74A}.Release|Any CPU.Build.0 = Release|Any CPU
		{A0C8ADFA-35F7-4182-8D7E-269E83D40309}.Debug|Any CPU.ActiveCfg = Debug|Any CPU
		{A0C8ADFA-35F7-4182-8D7E-269E83D40309}.Debug|Any CPU.Build.0 = Debug|Any CPU
		{A0C8ADFA-35F7-4182-8D7E-269E83D40309}.Release|Any CPU.ActiveCfg = Release|Any CPU
		{A0C8ADFA-35F7-4182-8D7E-269E83D40309}.Release|Any CPU.Build.0 = Release|Any CPU
		{E37AEBA0-AFFB-4A6F-B1EE-32173E642A83}.Debug|Any CPU.ActiveCfg = Debug|Any CPU
		{E37AEBA0-AFFB-4A6F-B1EE-32173E642A83}.Debug|Any CPU.Build.0 = Debug|Any CPU
		{E37AEBA0-AFFB-4A6F-B1EE-32173E642A83}.Release|Any CPU.ActiveCfg = Release|Any CPU
		{E37AEBA0-AFFB-4A6F-B1EE-32173E642A83}.Release|Any CPU.Build.0 = Release|Any CPU
		{9745E0CC-01FF-4E7A-A89F-1DE93FCAA032}.Debug|Any CPU.ActiveCfg = Debug|Any CPU
		{9745E0CC-01FF-4E7A-A89F-1DE93FCAA032}.Debug|Any CPU.Build.0 = Debug|Any CPU
		{9745E0CC-01FF-4E7A-A89F-1DE93FCAA032}.Release|Any CPU.ActiveCfg = Release|Any CPU
		{9745E0CC-01FF-4E7A-A89F-1DE93FCAA032}.Release|Any CPU.Build.0 = Release|Any CPU
	EndGlobalSection
EndGlobal
